
Microsoft Visual Studio Solution File, Format Version 12.00
# Visual Studio Version 17
VisualStudioVersion = 17.11.35327.3
MinimumVisualStudioVersion = 10.0.40219.1
Project("{C9674DCB-5085-4A16-B785-4C70DD1589BD}") = "task01", "task01\task01.dtproj", "{E0418574-C1B4-408B-9254-9575F2211243}"
EndProject
Global
	GlobalSection(SolutionConfigurationPlatforms) = preSolution
		Development|Default = Development|Default
	EndGlobalSection
	GlobalSection(ProjectConfigurationPlatforms) = postSolution
		{E0418574-C1B4-408B-9254-9575F2211243}.Development|Default.ActiveCfg = Development
		{E0418574-C1B4-408B-9254-9575F2211243}.Development|Default.Build.0 = Development
	EndGlobalSection
	GlobalSection(SolutionProperties) = preSolution
		HideSolutionNode = FALSE
	EndGlobalSection
	GlobalSection(ExtensibilityGlobals) = postSolution
		SolutionGuid = {0168C064-E772-48F2-AA7F-911B5E158EE5}
	EndGlobalSection
EndGlobal
